
Microsoft Visual Studio Solution File, Format Version 12.00
# Visual Studio Version 16
VisualStudioVersion = 16.0.32228.343
MinimumVisualStudioVersion = 10.0.40219.1
Project("{FAE04EC0-301F-11D3-BF4B-00C04F79EFBC}") = "Test_iAge", "Test_iAge\Test_iAge.csproj", "{D9503C2B-8514-42B4-B66B-9BCFE6A8F6AD}"
EndProject
Project("{FAE04EC0-301F-11D3-BF4B-00C04F79EFBC}") = "UnitTests_iAge", "UnitTests_iAge\UnitTests_iAge.csproj", "{CA869E99-3A67-4CBA-8D73-8ABD988D50A6}"
EndProject
Global
	GlobalSection(SolutionConfigurationPlatforms) = preSolution
		Debug|Any CPU = Debug|Any CPU
		Release|Any CPU = Release|Any CPU
	EndGlobalSection
	GlobalSection(ProjectConfigurationPlatforms) = postSolution
		{D9503C2B-8514-42B4-B66B-9BCFE6A8F6AD}.Debug|Any CPU.ActiveCfg = Debug|Any CPU
		{D9503C2B-8514-42B4-B66B-9BCFE6A8F6AD}.Debug|Any CPU.Build.0 = Debug|Any CPU
		{D9503C2B-8514-42B4-B66B-9BCFE6A8F6AD}.Release|Any CPU.ActiveCfg = Release|Any CPU
		{D9503C2B-8514-42B4-B66B-9BCFE6A8F6AD}.Release|Any CPU.Build.0 = Release|Any CPU
		{CA869E99-3A67-4CBA-8D73-8ABD988D50A6}.Debug|Any CPU.ActiveCfg = Debug|Any CPU
		{CA869E99-3A67-4CBA-8D73-8ABD988D50A6}.Debug|Any CPU.Build.0 = Debug|Any CPU
		{CA869E99-3A67-4CBA-8D73-8ABD988D50A6}.Release|Any CPU.ActiveCfg = Release|Any CPU
		{CA869E99-3A67-4CBA-8D73-8ABD988D50A6}.Release|Any CPU.Build.0 = Release|Any CPU
	EndGlobalSection
	GlobalSection(SolutionProperties) = preSolution
		HideSolutionNode = FALSE
	EndGlobalSection
	GlobalSection(ExtensibilityGlobals) = postSolution
		SolutionGuid = {5530CF9E-9C31-416E-B747-CEE52F56250D}
	EndGlobalSection
EndGlobal
